// !$*UTF8*$!
{
	archiveVersion = 1;
	classes = {
	};
	objectVersion = 56;
	objects = {

/* Begin PBXBuildFile section */
		F4DAA98D2D85298D0089FFEA /* AppDelegate.swift in Sources */ = {isa = PBXBuildFile; fileRef = F4DAA98C2D85298D0089FFEA /* AppDelegate.swift */; };
		F4DAA98F2D85298D0089FFEA /* SceneDelegate.swift in Sources */ = {isa = PBXBuildFile; fileRef = F4DAA98E2D85298D0089FFEA /* SceneDelegate.swift */; };
		F4DAA9942D85298D0089FFEA /* Main.storyboard in Resources */ = {isa = PBXBuildFile; fileRef = F4DAA9922D85298D0089FFEA /* Main.storyboard */; };
		F4DAA9962D8529900089FFEA /* Assets.xcassets in Resources */ = {isa = PBXBuildFile; fileRef = F4DAA9952D8529900089FFEA /* Assets.xcassets */; };
		F4DAA9992D8529900089FFEA /* LaunchScreen.storyboard in Resources */ = {isa = PBXBuildFile; fileRef = F4DAA9972D8529900089FFEA /* LaunchScreen.storyboard */; };
		F4F305D32D8A27920063E333 /* Quiz.swift in Sources */ = {isa = PBXBuildFile; fileRef = F4F305D22D8A27920063E333 /* Quiz.swift */; };
		F4F305D52D8A27F30063E333 /* QuizBrain.swift in Sources */ = {isa = PBXBuildFile; fileRef = F4F305D42D8A27F30063E333 /* QuizBrain.swift */; };
		F4F305D72D8A2B860063E333 /* ViewController.swift in Sources */ = {isa = PBXBuildFile; fileRef = F4F305D62D8A2B860063E333 /* ViewController.swift */; };
		F4F305DA2D8A30790063E333 /* Select.wav in Resources */ = {isa = PBXBuildFile; fileRef = F4F305D82D8A30780063E333 /* Select.wav */; };
		F4F305DB2D8A30790063E333 /* game-level-complete.wav in Resources */ = {isa = PBXBuildFile; fileRef = F4F305D92D8A30790063E333 /* game-level-complete.wav */; };
/* End PBXBuildFile section */

/* Begin PBXFileReference section */
		F4DAA9892D85298D0089FFEA /* Quizzler.app */ = {isa = PBXFileReference; explicitFileType = wrapper.application; includeInIndex = 0; path = Quizzler.app; sourceTree = BUILT_PRODUCTS_DIR; };
		F4DAA98C2D85298D0089FFEA /* AppDelegate.swift */ = {isa = PBXFileReference; lastKnownFileType = sourcecode.swift; path = AppDelegate.swift; sourceTree = "<group>"; };
		F4DAA98E2D85298D0089FFEA /* SceneDelegate.swift */ = {isa = PBXFileReference; lastKnownFileType = sourcecode.swift; path = SceneDelegate.swift; sourceTree = "<group>"; };
		F4DAA9932D85298D0089FFEA /* Base */ = {isa = PBXFileReference; lastKnownFileType = file.storyboard; name = Base; path = Base.lproj/Main.storyboard; sourceTree = "<group>"; };
		F4DAA9952D8529900089FFEA /* Assets.xcassets */ = {isa = PBXFileReference; lastKnownFileType = folder.assetcatalog; path = Assets.xcassets; sourceTree = "<group>"; };
		F4DAA9982D8529900089FFEA /* Base */ = {isa = PBXFileReference; lastKnownFileType = file.storyboard; name = Base; path = Base.lproj/LaunchScreen.storyboard; sourceTree = "<group>"; };
		F4DAA99A2D8529900089FFEA /* Info.plist */ = {isa = PBXFileReference; lastKnownFileType = text.plist.xml; path = Info.plist; sourceTree = "<group>"; };
		F4F305D22D8A27920063E333 /* Quiz.swift */ = {isa = PBXFileReference; lastKnownFileType = sourcecode.swift; path = Quiz.swift; sourceTree = "<group>"; };
		F4F305D42D8A27F30063E333 /* QuizBrain.swift */ = {isa = PBXFileReference; lastKnownFileType = sourcecode.swift; path = QuizBrain.swift; sourceTree = "<group>"; };
		F4F305D62D8A2B860063E333 /* ViewController.swift */ = {isa = PBXFileReference; lastKnownFileType = sourcecode.swift; path = ViewController.swift; sourceTree = "<group>"; };
		F4F305D82D8A30780063E333 /* Select.wav */ = {isa = PBXFileReference; lastKnownFileType = audio.wav; path = Select.wav; sourceTree = "<group>"; };
		F4F305D92D8A30790063E333 /* game-level-complete.wav */ = {isa = PBXFileReference; lastKnownFileType = audio.wav; path = "game-level-complete.wav"; sourceTree = "<group>"; };
/* End PBXFileReference section */

/* Begin PBXFrameworksBuildPhase section */
		F4DAA9862D85298D0089FFEA /* Frameworks */ = {
			isa = PBXFrameworksBuildPhase;
			buildActionMask = 2147483647;
			files = (
			);
			runOnlyForDeploymentPostprocessing = 0;
		};
/* End PBXFrameworksBuildPhase section */

/* Begin PBXGroup section */
		F4DAA9802D85298D0089FFEA = {
			isa = PBXGroup;
			children = (
				F4DAA98B2D85298D0089FFEA /* Quizzler */,
				F4DAA98A2D85298D0089FFEA /* Products */,
			);
			sourceTree = "<group>";
		};
		F4DAA98A2D85298D0089FFEA /* Products */ = {
			isa = PBXGroup;
			children = (
				F4DAA9892D85298D0089FFEA /* Quizzler.app */,
			);
			name = Products;
			sourceTree = "<group>";
		};
		F4DAA98B2D85298D0089FFEA /* Quizzler */ = {
			isa = PBXGroup;
			children = (
				F4F305D12D8A255A0063E333 /* Source */,
				F4F305D02D8A254E0063E333 /* Model */,
				F4F305CE2D8A25380063E333 /* View */,
				F4F305CF2D8A25410063E333 /* Controller */,
				F4DAA99A2D8529900089FFEA /* Info.plist */,
				F4F305D92D8A30790063E333 /* game-level-complete.wav */,
				F4F305D82D8A30780063E333 /* Select.wav */,
			);
			path = Quizzler;
			sourceTree = "<group>";
		};
		F4F305CE2D8A25380063E333 /* View */ = {
			isa = PBXGroup;
			children = (
				F4DAA9922D85298D0089FFEA /* Main.storyboard */,
				F4DAA9952D8529900089FFEA /* Assets.xcassets */,
				F4DAA9972D8529900089FFEA /* LaunchScreen.storyboard */,
			);
			path = View;
			sourceTree = "<group>";
		};
		F4F305CF2D8A25410063E333 /* Controller */ = {
			isa = PBXGroup;
			children = (
				F4F305D62D8A2B860063E333 /* ViewController.swift */,
			);
			path = Controller;
			sourceTree = "<group>";
		};
		F4F305D02D8A254E0063E333 /* Model */ = {
			isa = PBXGroup;
			children = (
				F4F305D22D8A27920063E333 /* Quiz.swift */,
				F4F305D42D8A27F30063E333 /* QuizBrain.swift */,
			);
			path = Model;
			sourceTree = "<group>";
		};
		F4F305D12D8A255A0063E333 /* Source */ = {
			isa = PBXGroup;
			children = (
				F4DAA98C2D85298D0089FFEA /* AppDelegate.swift */,
				F4DAA98E2D85298D0089FFEA /* SceneDelegate.swift */,
			);
			path = Source;
			sourceTree = "<group>";
		};
/* End PBXGroup section */

/* Begin PBXNativeTarget section */
		F4DAA9882D85298D0089FFEA /* Quizzler */ = {
			isa = PBXNativeTarget;
			buildConfigurationList = F4DAA99D2D8529900089FFEA /* Build configuration list for PBXNativeTarget "Quizzler" */;
			buildPhases = (
				F4DAA9852D85298D0089FFEA /* Sources */,
				F4DAA9862D85298D0089FFEA /* Frameworks */,
				F4DAA9872D85298D0089FFEA /* Resources */,
			);
			buildRules = (
			);
			dependencies = (
			);
			name = Quizzler;
			productName = Quizzler;
			productReference = F4DAA9892D85298D0089FFEA /* Quizzler.app */;
			productType = "com.apple.product-type.application";
		};
/* End PBXNativeTarget section */

/* Begin PBXProject section */
		F4DAA9812D85298D0089FFEA /* Project object */ = {
			isa = PBXProject;
			attributes = {
				BuildIndependentTargetsInParallel = 1;
				LastSwiftUpdateCheck = 1420;
				LastUpgradeCheck = 1420;
				TargetAttributes = {
					F4DAA9882D85298D0089FFEA = {
						CreatedOnToolsVersion = 14.2;
					};
				};
			};
			buildConfigurationList = F4DAA9842D85298D0089FFEA /* Build configuration list for PBXProject "Quizzler" */;
			compatibilityVersion = "Xcode 14.0";
			developmentRegion = en;
			hasScannedForEncodings = 0;
			knownRegions = (
				en,
				Base,
			);
			mainGroup = F4DAA9802D85298D0089FFEA;
			productRefGroup = F4DAA98A2D85298D0089FFEA /* Products */;
			projectDirPath = "";
			projectRoot = "";
			targets = (
				F4DAA9882D85298D0089FFEA /* Quizzler */,
			);
		};
/* End PBXProject section */

/* Begin PBXResourcesBuildPhase section */
		F4DAA9872D85298D0089FFEA /* Resources */ = {
			isa = PBXResourcesBuildPhase;
			buildActionMask = 2147483647;
			files = (
				F4DAA9992D8529900089FFEA /* LaunchScreen.storyboard in Resources */,
				F4F305DB2D8A30790063E333 /* game-level-complete.wav in Resources */,
				F4DAA9962D8529900089FFEA /* Assets.xcassets in Resources */,
				F4F305DA2D8A30790063E333 /* Select.wav in Resources */,
				F4DAA9942D85298D0089FFEA /* Main.storyboard in Resources */,
			);
			runOnlyForDeploymentPostprocessing = 0;
		};
/* End PBXResourcesBuildPhase section */

/* Begin PBXSourcesBuildPhase section */
		F4DAA9852D85298D0089FFEA /* Sources */ = {
			isa = PBXSourcesBuildPhase;
			buildActionMask = 2147483647;
			files = (
				F4F305D72D8A2B860063E333 /* ViewController.swift in Sources */,
				F4F305D52D8A27F30063E333 /* QuizBrain.swift in Sources */,
				F4DAA98D2D85298D0089FFEA /* AppDelegate.swift in Sources */,
				F4F305D32D8A27920063E333 /* Quiz.swift in Sources */,
				F4DAA98F2D85298D0089FFEA /* SceneDelegate.swift in Sources */,
			);
			runOnlyForDeploymentPostprocessing = 0;
		};
/* End PBXSourcesBuildPhase section */

/* Begin PBXVariantGroup section */
		F4DAA9922D85298D0089FFEA /* Main.storyboard */ = {
			isa = PBXVariantGroup;
			children = (
				F4DAA9932D85298D0089FFEA /* Base */,
			);
			name = Main.storyboard;
			sourceTree = "<group>";
		};
		F4DAA9972D8529900089FFEA /* LaunchScreen.storyboard */ = {
			isa = PBXVariantGroup;
			children = (
				F4DAA9982D8529900089FFEA /* Base */,
			);
			name = LaunchScreen.storyboard;
			sourceTree = "<group>";
		};
/* End PBXVariantGroup section */

/* Begin XCBuildConfiguration section */
		F4DAA99B2D8529900089FFEA /* Debug */ = {
			isa = XCBuildConfiguration;
			buildSettings = {
				ALWAYS_SEARCH_USER_PATHS = NO;
				CLANG_ANALYZER_NONNULL = YES;
				CLANG_ANALYZER_NUMBER_OBJECT_CONVERSION = YES_AGGRESSIVE;
				CLANG_CXX_LANGUAGE_STANDARD = "gnu++20";
				CLANG_ENABLE_MODULES = YES;
				CLANG_ENABLE_OBJC_ARC = YES;
				CLANG_ENABLE_OBJC_WEAK = YES;
				CLANG_WARN_BLOCK_CAPTURE_AUTORELEASING = YES;
				CLANG_WARN_BOOL_CONVERSION = YES;
				CLANG_WARN_COMMA = YES;
				CLANG_WARN_CONSTANT_CONVERSION = YES;
				CLANG_WARN_DEPRECATED_OBJC_IMPLEMENTATIONS = YES;
				CLANG_WARN_DIRECT_OBJC_ISA_USAGE = YES_ERROR;
				CLANG_WARN_DOCUMENTATION_COMMENTS = YES;
				CLANG_WARN_EMPTY_BODY = YES;
				CLANG_WARN_ENUM_CONVERSION = YES;
				CLANG_WARN_INFINITE_RECURSION = YES;
				CLANG_WARN_INT_CONVERSION = YES;
				CLANG_WARN_NON_LITERAL_NULL_CONVERSION = YES;
				CLANG_WARN_OBJC_IMPLICIT_RETAIN_SELF = YES;
				CLANG_WARN_OBJC_LITERAL_CONVERSION = YES;
				CLANG_WARN_OBJC_ROOT_CLASS = YES_ERROR;
				CLANG_WARN_QUOTED_INCLUDE_IN_FRAMEWORK_HEADER = YES;
				CLANG_WARN_RANGE_LOOP_ANALYSIS = YES;
				CLANG_WARN_STRICT_PROTOTYPES = YES;
				CLANG_WARN_SUSPICIOUS_MOVE = YES;
				CLANG_WARN_UNGUARDED_AVAILABILITY = YES_AGGRESSIVE;
				CLANG_WARN_UNREACHABLE_CODE = YES;
				CLANG_WARN__DUPLICATE_METHOD_MATCH = YES;
				COPY_PHASE_STRIP = NO;
				DEBUG_INFORMATION_FORMAT = dwarf;
				ENABLE_STRICT_OBJC_MSGSEND = YES;
				ENABLE_TESTABILITY = YES;
				GCC_C_LANGUAGE_STANDARD = gnu11;
				GCC_DYNAMIC_NO_PIC = NO;
				GCC_NO_COMMON_BLOCKS = YES;
				GCC_OPTIMIZATION_LEVEL = 0;
				GCC_PREPROCESSOR_DEFINITIONS = (
					"DEBUG=1",
					"$(inherited)",
				);
				GCC_WARN_64_TO_32_BIT_CONVERSION = YES;
				GCC_WARN_ABOUT_RETURN_TYPE = YES_ERROR;
				GCC_WARN_UNDECLARED_SELECTOR = YES;
				GCC_WARN_UNINITIALIZED_AUTOS = YES_AGGRESSIVE;
				GCC_WARN_UNUSED_FUNCTION = YES;
				GCC_WARN_UNUSED_VARIABLE = YES;
				IPHONEOS_DEPLOYMENT_TARGET = 16.2;
				MTL_ENABLE_DEBUG_INFO = INCLUDE_SOURCE;
				MTL_FAST_MATH = YES;
				ONLY_ACTIVE_ARCH = YES;
				SDKROOT = iphoneos;
				SWIFT_ACTIVE_COMPILATION_CONDITIONS = DEBUG;
				SWIFT_OPTIMIZATION_LEVEL = "-Onone";
			};
			name = Debug;
		};
		F4DAA99C2D8529900089FFEA /* Release */ = {
			isa = XCBuildConfiguration;
			buildSettings = {
				ALWAYS_SEARCH_USER_PATHS = NO;
				CLANG_ANALYZER_NONNULL = YES;
				CLANG_ANALYZER_NUMBER_OBJECT_CONVERSION = YES_AGGRESSIVE;
				CLANG_CXX_LANGUAGE_STANDARD = "gnu++20";
				CLANG_ENABLE_MODULES = YES;
				CLANG_ENABLE_OBJC_ARC = YES;
				CLANG_ENABLE_OBJC_WEAK = YES;
				CLANG_WARN_BLOCK_CAPTURE_AUTORELEASING = YES;
				CLANG_WARN_BOOL_CONVERSION = YES;
				CLANG_WARN_COMMA = YES;
				CLANG_WARN_CONSTANT_CONVERSION = YES;
				CLANG_WARN_DEPRECATED_OBJC_IMPLEMENTATIONS = YES;
				CLANG_WARN_DIRECT_OBJC_ISA_USAGE = YES_ERROR;
				CLANG_WARN_DOCUMENTATION_COMMENTS = YES;
				CLANG_WARN_EMPTY_BODY = YES;
				CLANG_WARN_ENUM_CONVERSION = YES;
				CLANG_WARN_INFINITE_RECURSION = YES;
				CLANG_WARN_INT_CONVERSION = YES;
				CLANG_WARN_NON_LITERAL_NULL_CONVERSION = YES;
				CLANG_WARN_OBJC_IMPLICIT_RETAIN_SELF = YES;
				CLANG_WARN_OBJC_LITERAL_CONVERSION = YES;
				CLANG_WARN_OBJC_ROOT_CLASS = YES_ERROR;
				CLANG_WARN_QUOTED_INCLUDE_IN_FRAMEWORK_HEADER = YES;
				CLANG_WARN_RANGE_LOOP_ANALYSIS = YES;
				CLANG_WARN_STRICT_PROTOTYPES = YES;
				CLANG_WARN_SUSPICIOUS_MOVE = YES;
				CLANG_WARN_UNGUARDED_AVAILABILITY = YES_AGGRESSIVE;
				CLANG_WARN_UNREACHABLE_CODE = YES;
				CLANG_WARN__DUPLICATE_METHOD_MATCH = YES;
				COPY_PHASE_STRIP = NO;
				DEBUG_INFORMATION_FORMAT = "dwarf-with-dsym";
				ENABLE_NS_ASSERTIONS = NO;
				ENABLE_STRICT_OBJC_MSGSEND = YES;
				GCC_C_LANGUAGE_STANDARD = gnu11;
				GCC_NO_COMMON_BLOCKS = YES;
				GCC_WARN_64_TO_32_BIT_CONVERSION = YES;
				GCC_WARN_ABOUT_RETURN_TYPE = YES_ERROR;
				GCC_WARN_UNDECLARED_SELECTOR = YES;
				GCC_WARN_UNINITIALIZED_AUTOS = YES_AGGRESSIVE;
				GCC_WARN_UNUSED_FUNCTION = YES;
				GCC_WARN_UNUSED_VARIABLE = YES;
				IPHONEOS_DEPLOYMENT_TARGET = 16.2;
				MTL_ENABLE_DEBUG_INFO = NO;
				MTL_FAST_MATH = YES;
				SDKROOT = iphoneos;
				SWIFT_COMPILATION_MODE = wholemodule;
				SWIFT_OPTIMIZATION_LEVEL = "-O";
				VALIDATE_PRODUCT = YES;
			};
			name = Release;
		};
		F4DAA99E2D8529900089FFEA /* Debug */ = {
			isa = XCBuildConfiguration;
			buildSettings = {
				ASSETCATALOG_COMPILER_APPICON_NAME = AppIcon;
				ASSETCATALOG_COMPILER_GLOBAL_ACCENT_COLOR_NAME = AccentColor;
				CODE_SIGN_STYLE = Automatic;
				CURRENT_PROJECT_VERSION = 1;
				DEVELOPMENT_TEAM = 3K677TQ5Z9;
				GENERATE_INFOPLIST_FILE = YES;
				INFOPLIST_FILE = Quizzler/Info.plist;
				INFOPLIST_KEY_UIApplicationSupportsIndirectInputEvents = YES;
				INFOPLIST_KEY_UILaunchStoryboardName = LaunchScreen;
				INFOPLIST_KEY_UIMainStoryboardFile = Main;
				INFOPLIST_KEY_UISupportedInterfaceOrientations_iPad = "UIInterfaceOrientationPortrait UIInterfaceOrientationPortraitUpsideDown UIInterfaceOrientationLandscapeLeft UIInterfaceOrientationLandscapeRight";
				INFOPLIST_KEY_UISupportedInterfaceOrientations_iPhone = "UIInterfaceOrientationPortrait UIInterfaceOrientationLandscapeLeft UIInterfaceOrientationLandscapeRight";
				LD_RUNPATH_SEARCH_PATHS = (
					"$(inherited)",
					"@executable_path/Frameworks",
				);
				MARKETING_VERSION = 1.0;
				PRODUCT_BUNDLE_IDENTIFIER = Marwan.cam.Quizzler;
				PRODUCT_NAME = "$(TARGET_NAME)";
				SWIFT_EMIT_LOC_STRINGS = YES;
				SWIFT_VERSION = 5.0;
				TARGETED_DEVICE_FAMILY = "1,2";
			};
			name = Debug;
		};
		F4DAA99F2D8529900089FFEA /* Release */ = {
			isa = XCBuildConfiguration;
			buildSettings = {
				ASSETCATALOG_COMPILER_APPICON_NAME = AppIcon;
				ASSETCATALOG_COMPILER_GLOBAL_ACCENT_COLOR_NAME = AccentColor;
				CODE_SIGN_STYLE = Automatic;
				CURRENT_PROJECT_VERSION = 1;
				DEVELOPMENT_TEAM = 3K677TQ5Z9;
				GENERATE_INFOPLIST_FILE = YES;
				INFOPLIST_FILE = Quizzler/Info.plist;
				INFOPLIST_KEY_UIApplicationSupportsIndirectInputEvents = YES;
				INFOPLIST_KEY_UILaunchStoryboardName = LaunchScreen;
				INFOPLIST_KEY_UIMainStoryboardFile = Main;
				INFOPLIST_KEY_UISupportedInterfaceOrientations_iPad = "UIInterfaceOrientationPortrait UIInterfaceOrientationPortraitUpsideDown UIInterfaceOrientationLandscapeLeft UIInterfaceOrientationLandscapeRight";
				INFOPLIST_KEY_UISupportedInterfaceOrientations_iPhone = "UIInterfaceOrientationPortrait UIInterfaceOrientationLandscapeLeft UIInterfaceOrientationLandscapeRight";
				LD_RUNPATH_SEARCH_PATHS = (
					"$(inherited)",
					"@executable_path/Frameworks",
				);
				MARKETING_VERSION = 1.0;
				PRODUCT_BUNDLE_IDENTIFIER = Marwan.cam.Quizzler;
				PRODUCT_NAME = "$(TARGET_NAME)";
				SWIFT_EMIT_LOC_STRINGS = YES;
				SWIFT_VERSION = 5.0;
				TARGETED_DEVICE_FAMILY = "1,2";
			};
			name = Release;
		};
/* End XCBuildConfiguration section */

/* Begin XCConfigurationList section */
		F4DAA9842D85298D0089FFEA /* Build configuration list for PBXProject "Quizzler" */ = {
			isa = XCConfigurationList;
			buildConfigurations = (
				F4DAA99B2D8529900089FFEA /* Debug */,
				F4DAA99C2D8529900089FFEA /* Release */,
			);
			defaultConfigurationIsVisible = 0;
			defaultConfigurationName = Release;
		};
		F4DAA99D2D8529900089FFEA /* Build configuration list for PBXNativeTarget "Quizzler" */ = {
			isa = XCConfigurationList;
			buildConfigurations = (
				F4DAA99E2D8529900089FFEA /* Debug */,
				F4DAA99F2D8529900089FFEA /* Release */,
			);
			defaultConfigurationIsVisible = 0;
			defaultConfigurationName = Release;
		};
/* End XCConfigurationList section */
	};
	rootObject = F4DAA9812D85298D0089FFEA /* Project object */;
}
